// !$*UTF8*$!
{
	archiveVersion = 1;
	classes = {
	};
	objectVersion = 50;
	objects = {

/* Begin PBXBuildFile section */
		410D317429DB1672001632CD /* AppDelegate.swift in Sources */ = {isa = PBXBuildFile; fileRef = 410D317329DB1672001632CD /* AppDelegate.swift */; };
		410D317629DB1672001632CD /* SceneDelegate.swift in Sources */ = {isa = PBXBuildFile; fileRef = 410D317529DB1672001632CD /* SceneDelegate.swift */; };
		410D317829DB1672001632CD /* ViewController.swift in Sources */ = {isa = PBXBuildFile; fileRef = 410D317729DB1672001632CD /* ViewController.swift */; };
		410D317B29DB1672001632CD /* Main.storyboard in Resources */ = {isa = PBXBuildFile; fileRef = 410D317929DB1672001632CD /* Main.storyboard */; };
		410D317D29DB16A7001632CD /* Assets.xcassets in Resources */ = {isa = PBXBuildFile; fileRef = 410D317C29DB16A7001632CD /* Assets.xcassets */; };
		410D318029DB16A7001632CD /* LaunchScreen.storyboard in Resources */ = {isa = PBXBuildFile; fileRef = 410D317E29DB16A7001632CD /* LaunchScreen.storyboard */; };
		410D318B29DB16AA001632CD /* demoTests.swift in Sources */ = {isa = PBXBuildFile; fileRef = 410D318A29DB16AA001632CD /* demoTests.swift */; };
		410D319629DB16AA001632CD /* demoUITests.swift in Sources */ = {isa = PBXBuildFile; fileRef = 410D319529DB16AA001632CD /* demoUITests.swift */; };
/* End PBXBuildFile section */

/* Begin PBXContainerItemProxy section */
		410D318729DB16AA001632CD /* PBXContainerItemProxy */ = {
			isa = PBXContainerItemProxy;
			containerPortal = 410D316829DB1670001632CD /* Project object */;
			proxyType = 1;
			remoteGlobalIDString = 410D316F29DB1671001632CD;
			remoteInfo = demo;
		};
		410D319229DB16AA001632CD /* PBXContainerItemProxy */ = {
			isa = PBXContainerItemProxy;
			containerPortal = 410D316829DB1670001632CD /* Project object */;
			proxyType = 1;
			remoteGlobalIDString = 410D316F29DB1671001632CD;
			remoteInfo = demo;
		};
/* End PBXContainerItemProxy section */

/* Begin PBXFileReference section */
		410D317029DB1671001632CD /* demo.app */ = {isa = PBXFileReference; explicitFileType = wrapper.application; includeInIndex = 0; path = demo.app; sourceTree = BUILT_PRODUCTS_DIR; };
		410D317329DB1672001632CD /* AppDelegate.swift */ = {isa = PBXFileReference; lastKnownFileType = sourcecode.swift; path = AppDelegate.swift; sourceTree = "<group>"; };
		410D317529DB1672001632CD /* SceneDelegate.swift */ = {isa = PBXFileReference; lastKnownFileType = sourcecode.swift; path = SceneDelegate.swift; sourceTree = "<group>"; };
		410D317729DB1672001632CD /* ViewController.swift */ = {isa = PBXFileReference; lastKnownFileType = sourcecode.swift; path = ViewController.swift; sourceTree = "<group>"; };
		410D317A29DB1672001632CD /* Base */ = {isa = PBXFileReference; lastKnownFileType = file.storyboard; name = Base; path = Base.lproj/Main.storyboard; sourceTree = "<group>"; };
		410D317C29DB16A7001632CD /* Assets.xcassets */ = {isa = PBXFileReference; lastKnownFileType = folder.assetcatalog; path = Assets.xcassets; sourceTree = "<group>"; };
		410D317F29DB16A7001632CD /* Base */ = {isa = PBXFileReference; lastKnownFileType = file.storyboard; name = Base; path = Base.lproj/LaunchScreen.storyboard; sourceTree = "<group>"; };
		410D318129DB16A7001632CD /* Info.plist */ = {isa = PBXFileReference; lastKnownFileType = text.plist.xml; path = Info.plist; sourceTree = "<group>"; };
		410D318629DB16AA001632CD /* demoTests.xctest */ = {isa = PBXFileReference; explicitFileType = wrapper.cfbundle; includeInIndex = 0; path = demoTests.xctest; sourceTree = BUILT_PRODUCTS_DIR; };
		410D318A29DB16AA001632CD /* demoTests.swift */ = {isa = PBXFileReference; lastKnownFileType = sourcecode.swift; path = demoTests.swift; sourceTree = "<group>"; };
		410D318C29DB16AA001632CD /* Info.plist */ = {isa = PBXFileReference; lastKnownFileType = text.plist.xml; path = Info.plist; sourceTree = "<group>"; };
		410D319129DB16AA001632CD /* demoUITests.xctest */ = {isa = PBXFileReference; explicitFileType = wrapper.cfbundle; includeInIndex = 0; path = demoUITests.xctest; sourceTree = BUILT_PRODUCTS_DIR; };
		410D319529DB16AA001632CD /* demoUITests.swift */ = {isa = PBXFileReference; lastKnownFileType = sourcecode.swift; path = demoUITests.swift; sourceTree = "<group>"; };
		410D319729DB16AA001632CD /* Info.plist */ = {isa = PBXFileReference; lastKnownFileType = text.plist.xml; path = Info.plist; sourceTree = "<group>"; };
/* End PBXFileReference section */

/* Begin PBXFrameworksBuildPhase section */
		410D316D29DB1671001632CD /* Frameworks */ = {
			isa = PBXFrameworksBuildPhase;
			buildActionMask = 2147483647;
			files = (
			);
			runOnlyForDeploymentPostprocessing = 0;
		};
		410D318329DB16AA001632CD /* Frameworks */ = {
			isa = PBXFrameworksBuildPhase;
			buildActionMask = 2147483647;
			files = (
			);
			runOnlyForDeploymentPostprocessing = 0;
		};
		410D318E29DB16AA001632CD /* Frameworks */ = {
			isa = PBXFrameworksBuildPhase;
			buildActionMask = 2147483647;
			files = (
			);
			runOnlyForDeploymentPostprocessing = 0;
		};
/* End PBXFrameworksBuildPhase section */

/* Begin PBXGroup section */
		410D316729DB1670001632CD = {
			isa = PBXGroup;
			children = (
				410D317229DB1671001632CD /* demo */,
				410D318929DB16AA001632CD /* demoTests */,
				410D319429DB16AA001632CD /* demoUITests */,
				410D317129DB1671001632CD /* Products */,
			);
			sourceTree = "<group>";
		};
		410D317129DB1671001632CD /* Products */ = {
			isa = PBXGroup;
			children = (
				410D317029DB1671001632CD /* demo.app */,
				410D318629DB16AA001632CD /* demoTests.xctest */,
				410D319129DB16AA001632CD /* demoUITests.xctest */,
			);
			name = Products;
			sourceTree = "<group>";
		};
		410D317229DB1671001632CD /* demo */ = {
			isa = PBXGroup;
			children = (
				410D317329DB1672001632CD /* AppDelegate.swift */,
				410D317529DB1672001632CD /* SceneDelegate.swift */,
				410D317729DB1672001632CD /* ViewController.swift */,
				410D317929DB1672001632CD /* Main.storyboard */,
				410D317C29DB16A7001632CD /* Assets.xcassets */,
				410D317E29DB16A7001632CD /* LaunchScreen.storyboard */,
				410D318129DB16A7001632CD /* Info.plist */,
			);
			path = demo;
			sourceTree = "<group>";
		};
		410D318929DB16AA001632CD /* demoTests */ = {
			isa = PBXGroup;
			children = (
				410D318A29DB16AA001632CD /* demoTests.swift */,
				410D318C29DB16AA001632CD /* Info.plist */,
			);
			path = demoTests;
			sourceTree = "<group>";
		};
		410D319429DB16AA001632CD /* demoUITests */ = {
			isa = PBXGroup;
			children = (
				410D319529DB16AA001632CD /* demoUITests.swift */,
				410D319729DB16AA001632CD /* Info.plist */,
			);
			path = demoUITests;
			sourceTree = "<group>";
		};
/* End PBXGroup section */

/* Begin PBXNativeTarget section */
		410D316F29DB1671001632CD /* demo */ = {
			isa = PBXNativeTarget;
			buildConfigurationList = 410D319A29DB16AA001632CD /* Build configuration list for PBXNativeTarget "demo" */;
			buildPhases = (
				410D316C29DB1671001632CD /* Sources */,
				410D316D29DB1671001632CD /* Frameworks */,
				410D316E29DB1671001632CD /* Resources */,
			);
			buildRules = (
			);
			dependencies = (
			);
			name = demo;
			productName = demo;
			productReference = 410D317029DB1671001632CD /* demo.app */;
			productType = "com.apple.product-type.application";
		};
		410D318529DB16AA001632CD /* demoTests */ = {
			isa = PBXNativeTarget;
			buildConfigurationList = 410D319D29DB16AA001632CD /* Build configuration list for PBXNativeTarget "demoTests" */;
			buildPhases = (
				410D318229DB16AA001632CD /* Sources */,
				410D318329DB16AA001632CD /* Frameworks */,
				410D318429DB16AA001632CD /* Resources */,
			);
			buildRules = (
			);
			dependencies = (
				410D318829DB16AA001632CD /* PBXTargetDependency */,
			);
			name = demoTests;
			productName = demoTests;
			productReference = 410D318629DB16AA001632CD /* demoTests.xctest */;
			productType = "com.apple.product-type.bundle.unit-test";
		};
		410D319029DB16AA001632CD /* demoUITests */ = {
			isa = PBXNativeTarget;
			buildConfigurationList = 410D31A029DB16AA001632CD /* Build configuration list for PBXNativeTarget "demoUITests" */;
			buildPhases = (
				410D318D29DB16AA001632CD /* Sources */,
				410D318E29DB16AA001632CD /* Frameworks */,
				410D318F29DB16AA001632CD /* Resources */,
			);
			buildRules = (
			);
			dependencies = (
				410D319329DB16AA001632CD /* PBXTargetDependency */,
			);
			name = demoUITests;
			productName = demoUITests;
			productReference = 410D319129DB16AA001632CD /* demoUITests.xctest */;
			productType = "com.apple.product-type.bundle.ui-testing";
		};
/* End PBXNativeTarget section */

/* Begin PBXProject section */
		410D316829DB1670001632CD /* Project object */ = {
			isa = PBXProject;
			attributes = {
				LastSwiftUpdateCheck = 1250;
				LastUpgradeCheck = 1250;
				TargetAttributes = {
					410D316F29DB1671001632CD = {
						CreatedOnToolsVersion = 12.5.1;
					};
					410D318529DB16AA001632CD = {
						CreatedOnToolsVersion = 12.5.1;
						TestTargetID = 410D316F29DB1671001632CD;
					};
					410D319029DB16AA001632CD = {
						CreatedOnToolsVersion = 12.5.1;
						TestTargetID = 410D316F29DB1671001632CD;
					};
				};
			};
			buildConfigurationList = 410D316B29DB1670001632CD /* Build configuration list for PBXProject "demo" */;
			compatibilityVersion = "Xcode 9.3";
			developmentRegion = en;
			hasScannedForEncodings = 0;
			knownRegions = (
				en,
				Base,
			);
			mainGroup = 410D316729DB1670001632CD;
			productRefGroup = 410D317129DB1671001632CD /* Products */;
			projectDirPath = "";
			projectRoot = "";
			targets = (
				410D316F29DB1671001632CD /* demo */,
				410D318529DB16AA001632CD /* demoTests */,
				410D319029DB16AA001632CD /* demoUITests */,
			);
		};
/* End PBXProject section */

/* Begin PBXResourcesBuildPhase section */
		410D316E29DB1671001632CD /* Resources */ = {
			isa = PBXResourcesBuildPhase;
			buildActionMask = 2147483647;
			files = (
				410D318029DB16A7001632CD /* LaunchScreen.storyboard in Resources */,
				410D317D29DB16A7001632CD /* Assets.xcassets in Resources */,
				410D317B29DB1672001632CD /* Main.storyboard in Resources */,
			);
			runOnlyForDeploymentPostprocessing = 0;
		};
		410D318429DB16AA001632CD /* Resources */ = {
			isa = PBXResourcesBuildPhase;
			buildActionMask = 2147483647;
			files = (
			);
			runOnlyForDeploymentPostprocessing = 0;
		};
		410D318F29DB16AA001632CD /* Resources */ = {
			isa = PBXResourcesBuildPhase;
			buildActionMask = 2147483647;
			files = (
			);
			runOnlyForDeploymentPostprocessing = 0;
		};
/* End PBXResourcesBuildPhase section */

/* Begin PBXSourcesBuildPhase section */
		410D316C29DB1671001632CD /* Sources */ = {
			isa = PBXSourcesBuildPhase;
			buildActionMask = 2147483647;
			files = (
				410D317829DB1672001632CD /* ViewController.swift in Sources */,
				410D317429DB1672001632CD /* AppDelegate.swift in Sources */,
				410D317629DB1672001632CD /* SceneDelegate.swift in Sources */,
			);
			runOnlyForDeploymentPostprocessing = 0;
		};
		410D318229DB16AA001632CD /* Sources */ = {
			isa = PBXSourcesBuildPhase;
			buildActionMask = 2147483647;
			files = (
				410D318B29DB16AA001632CD /* demoTests.swift in Sources */,
			);
			runOnlyForDeploymentPostprocessing = 0;
		};
		410D318D29DB16AA001632CD /* Sources */ = {
			isa = PBXSourcesBuildPhase;
			buildActionMask = 2147483647;
			files = (
				410D319629DB16AA001632CD /* demoUITests.swift in Sources */,
			);
			runOnlyForDeploymentPostprocessing = 0;
		};
/* End PBXSourcesBuildPhase section */

/* Begin PBXTargetDependency section */
		410D318829DB16AA001632CD /* PBXTargetDependency */ = {
			isa = PBXTargetDependency;
			target = 410D316F29DB1671001632CD /* demo */;
			targetProxy = 410D318729DB16AA001632CD /* PBXContainerItemProxy */;
		};
		410D319329DB16AA001632CD /* PBXTargetDependency */ = {
			isa = PBXTargetDependency;
			target = 410D316F29DB1671001632CD /* demo */;
			targetProxy = 410D319229DB16AA001632CD /* PBXContainerItemProxy */;
		};
/* End PBXTargetDependency section */

/* Begin PBXVariantGroup section */
		410D317929DB1672001632CD /* Main.storyboard */ = {
			isa = PBXVariantGroup;
			children = (
				410D317A29DB1672001632CD /* Base */,
			);
			name = Main.storyboard;
			sourceTree = "<group>";
		};
		410D317E29DB16A7001632CD /* LaunchScreen.storyboard */ = {
			isa = PBXVariantGroup;
			children = (
				410D317F29DB16A7001632CD /* Base */,
			);
			name = LaunchScreen.storyboard;
			sourceTree = "<group>";
		};
/* End PBXVariantGroup section */

/* Begin XCBuildConfiguration section */
		410D319829DB16AA001632CD /* Debug */ = {
			isa = XCBuildConfiguration;
			buildSettings = {
				ALWAYS_SEARCH_USER_PATHS = NO;
				CLANG_ANALYZER_NONNULL = YES;
				CLANG_ANALYZER_NUMBER_OBJECT_CONVERSION = YES_AGGRESSIVE;
				CLANG_CXX_LANGUAGE_STANDARD = "gnu++14";
				CLANG_CXX_LIBRARY = "libc++";
				CLANG_ENABLE_MODULES = YES;
				CLANG_ENABLE_OBJC_ARC = YES;
				CLANG_ENABLE_OBJC_WEAK = YES;
				CLANG_WARN_BLOCK_CAPTURE_AUTORELEASING = YES;
				CLANG_WARN_BOOL_CONVERSION = YES;
				CLANG_WARN_COMMA = YES;
				CLANG_WARN_CONSTANT_CONVERSION = YES;
				CLANG_WARN_DEPRECATED_OBJC_IMPLEMENTATIONS = YES;
				CLANG_WARN_DIRECT_OBJC_ISA_USAGE = YES_ERROR;
				CLANG_WARN_DOCUMENTATION_COMMENTS = YES;
				CLANG_WARN_EMPTY_BODY = YES;
				CLANG_WARN_ENUM_CONVERSION = YES;
				CLANG_WARN_INFINITE_RECURSION = YES;
				CLANG_WARN_INT_CONVERSION = YES;
				CLANG_WARN_NON_LITERAL_NULL_CONVERSION = YES;
				CLANG_WARN_OBJC_IMPLICIT_RETAIN_SELF = YES;
				CLANG_WARN_OBJC_LITERAL_CONVERSION = YES;
				CLANG_WARN_OBJC_ROOT_CLASS = YES_ERROR;
				CLANG_WARN_QUOTED_INCLUDE_IN_FRAMEWORK_HEADER = YES;
				CLANG_WARN_RANGE_LOOP_ANALYSIS = YES;
				CLANG_WARN_STRICT_PROTOTYPES = YES;
				CLANG_WARN_SUSPICIOUS_MOVE = YES;
				CLANG_WARN_UNGUARDED_AVAILABILITY = YES_AGGRESSIVE;
				CLANG_WARN_UNREACHABLE_CODE = YES;
				CLANG_WARN__DUPLICATE_METHOD_MATCH = YES;
				COPY_PHASE_STRIP = NO;
				DEBUG_INFORMATION_FORMAT = dwarf;
				ENABLE_STRICT_OBJC_MSGSEND = YES;
				ENABLE_TESTABILITY = YES;
				GCC_C_LANGUAGE_STANDARD = gnu11;
				GCC_DYNAMIC_NO_PIC = NO;
				GCC_NO_COMMON_BLOCKS = YES;
				GCC_OPTIMIZATION_LEVEL = 0;
				GCC_PREPROCESSOR_DEFINITIONS = (
					"DEBUG=1",
					"$(inherited)",
				);
				GCC_WARN_64_TO_32_BIT_CONVERSION = YES;
				GCC_WARN_ABOUT_RETURN_TYPE = YES_ERROR;
				GCC_WARN_UNDECLARED_SELECTOR = YES;
				GCC_WARN_UNINITIALIZED_AUTOS = YES_AGGRESSIVE;
				GCC_WARN_UNUSED_FUNCTION = YES;
				GCC_WARN_UNUSED_VARIABLE = YES;
				IPHONEOS_DEPLOYMENT_TARGET = 14.5;
				MTL_ENABLE_DEBUG_INFO = INCLUDE_SOURCE;
				MTL_FAST_MATH = YES;
				ONLY_ACTIVE_ARCH = YES;
				SDKROOT = iphoneos;
				SWIFT_ACTIVE_COMPILATION_CONDITIONS = DEBUG;
				SWIFT_OPTIMIZATION_LEVEL = "-Onone";
			};
			name = Debug;
		};
		410D319929DB16AA001632CD /* Release */ = {
			isa = XCBuildConfiguration;
			buildSettings = {
				ALWAYS_SEARCH_USER_PATHS = NO;
				CLANG_ANALYZER_NONNULL = YES;
				CLANG_ANALYZER_NUMBER_OBJECT_CONVERSION = YES_AGGRESSIVE;
				CLANG_CXX_LANGUAGE_STANDARD = "gnu++14";
				CLANG_CXX_LIBRARY = "libc++";
				CLANG_ENABLE_MODULES = YES;
				CLANG_ENABLE_OBJC_ARC = YES;
				CLANG_ENABLE_OBJC_WEAK = YES;
				CLANG_WARN_BLOCK_CAPTURE_AUTORELEASING = YES;
				CLANG_WARN_BOOL_CONVERSION = YES;
				CLANG_WARN_COMMA = YES;
				CLANG_WARN_CONSTANT_CONVERSION = YES;
				CLANG_WARN_DEPRECATED_OBJC_IMPLEMENTATIONS = YES;
				CLANG_WARN_DIRECT_OBJC_ISA_USAGE = YES_ERROR;
				CLANG_WARN_DOCUMENTATION_COMMENTS = YES;
				CLANG_WARN_EMPTY_BODY = YES;
				CLANG_WARN_ENUM_CONVERSION = YES;
				CLANG_WARN_INFINITE_RECURSION = YES;
				CLANG_WARN_INT_CONVERSION = YES;
				CLANG_WARN_NON_LITERAL_NULL_CONVERSION = YES;
				CLANG_WARN_OBJC_IMPLICIT_RETAIN_SELF = YES;
				CLANG_WARN_OBJC_LITERAL_CONVERSION = YES;
				CLANG_WARN_OBJC_ROOT_CLASS = YES_ERROR;
				CLANG_WARN_QUOTED_INCLUDE_IN_FRAMEWORK_HEADER = YES;
				CLANG_WARN_RANGE_LOOP_ANALYSIS = YES;
				CLANG_WARN_STRICT_PROTOTYPES = YES;
				CLANG_WARN_SUSPICIOUS_MOVE = YES;
				CLANG_WARN_UNGUARDED_AVAILABILITY = YES_AGGRESSIVE;
				CLANG_WARN_UNREACHABLE_CODE = YES;
				CLANG_WARN__DUPLICATE_METHOD_MATCH = YES;
				COPY_PHASE_STRIP = NO;
				DEBUG_INFORMATION_FORMAT = "dwarf-with-dsym";
				ENABLE_NS_ASSERTIONS = NO;
				ENABLE_STRICT_OBJC_MSGSEND = YES;
				GCC_C_LANGUAGE_STANDARD = gnu11;
				GCC_NO_COMMON_BLOCKS = YES;
				GCC_WARN_64_TO_32_BIT_CONVERSION = YES;
				GCC_WARN_ABOUT_RETURN_TYPE = YES_ERROR;
				GCC_WARN_UNDECLARED_SELECTOR = YES;
				GCC_WARN_UNINITIALIZED_AUTOS = YES_AGGRESSIVE;
				GCC_WARN_UNUSED_FUNCTION = YES;
				GCC_WARN_UNUSED_VARIABLE = YES;
				IPHONEOS_DEPLOYMENT_TARGET = 14.5;
				MTL_ENABLE_DEBUG_INFO = NO;
				MTL_FAST_MATH = YES;
				SDKROOT = iphoneos;
				SWIFT_COMPILATION_MODE = wholemodule;
				SWIFT_OPTIMIZATION_LEVEL = "-O";
				VALIDATE_PRODUCT = YES;
			};
			name = Release;
		};
		410D319B29DB16AA001632CD /* Debug */ = {
			isa = XCBuildConfiguration;
			buildSettings = {
				ASSETCATALOG_COMPILER_APPICON_NAME = AppIcon;
				ASSETCATALOG_COMPILER_GLOBAL_ACCENT_COLOR_NAME = AccentColor;
				CODE_SIGN_STYLE = Automatic;
				INFOPLIST_FILE = demo/Info.plist;
				LD_RUNPATH_SEARCH_PATHS = (
					"$(inherited)",
					"@executable_path/Frameworks",
				);
				PRODUCT_BUNDLE_IDENTIFIER = harshil.demo;
				PRODUCT_NAME = "$(TARGET_NAME)";
				SWIFT_VERSION = 5.0;
				TARGETED_DEVICE_FAMILY = "1,2";
			};
			name = Debug;
		};
		410D319C29DB16AA001632CD /* Release */ = {
			isa = XCBuildConfiguration;
			buildSettings = {
				ASSETCATALOG_COMPILER_APPICON_NAME = AppIcon;
				ASSETCATALOG_COMPILER_GLOBAL_ACCENT_COLOR_NAME = AccentColor;
				CODE_SIGN_STYLE = Automatic;
				INFOPLIST_FILE = demo/Info.plist;
				LD_RUNPATH_SEARCH_PATHS = (
					"$(inherited)",
					"@executable_path/Frameworks",
				);
				PRODUCT_BUNDLE_IDENTIFIER = harshil.demo;
				PRODUCT_NAME = "$(TARGET_NAME)";
				SWIFT_VERSION = 5.0;
				TARGETED_DEVICE_FAMILY = "1,2";
			};
			name = Release;
		};
		410D319E29DB16AA001632CD /* Debug */ = {
			isa = XCBuildConfiguration;
			buildSettings = {
				ALWAYS_EMBED_SWIFT_STANDARD_LIBRARIES = YES;
				BUNDLE_LOADER = "$(TEST_HOST)";
				CODE_SIGN_STYLE = Automatic;
				INFOPLIST_FILE = demoTests/Info.plist;
				IPHONEOS_DEPLOYMENT_TARGET = 14.5;
				LD_RUNPATH_SEARCH_PATHS = (
					"$(inherited)",
					"@executable_path/Frameworks",
					"@loader_path/Frameworks",
				);
				PRODUCT_BUNDLE_IDENTIFIER = harshil.demoTests;
				PRODUCT_NAME = "$(TARGET_NAME)";
				SWIFT_VERSION = 5.0;
				TARGETED_DEVICE_FAMILY = "1,2";
				TEST_HOST = "$(BUILT_PRODUCTS_DIR)/demo.app/demo";
			};
			name = Debug;
		};
		410D319F29DB16AA001632CD /* Release */ = {
			isa = XCBuildConfiguration;
			buildSettings = {
				ALWAYS_EMBED_SWIFT_STANDARD_LIBRARIES = YES;
				BUNDLE_LOADER = "$(TEST_HOST)";
				CODE_SIGN_STYLE = Automatic;
				INFOPLIST_FILE = demoTests/Info.plist;
				IPHONEOS_DEPLOYMENT_TARGET = 14.5;
				LD_RUNPATH_SEARCH_PATHS = (
					"$(inherited)",
					"@executable_path/Frameworks",
					"@loader_path/Frameworks",
				);
				PRODUCT_BUNDLE_IDENTIFIER = harshil.demoTests;
				PRODUCT_NAME = "$(TARGET_NAME)";
				SWIFT_VERSION = 5.0;
				TARGETED_DEVICE_FAMILY = "1,2";
				TEST_HOST = "$(BUILT_PRODUCTS_DIR)/demo.app/demo";
			};
			name = Release;
		};
		410D31A129DB16AA001632CD /* Debug */ = {
			isa = XCBuildConfiguration;
			buildSettings = {
				ALWAYS_EMBED_SWIFT_STANDARD_LIBRARIES = YES;
				CODE_SIGN_STYLE = Automatic;
				INFOPLIST_FILE = demoUITests/Info.plist;
				LD_RUNPATH_SEARCH_PATHS = (
					"$(inherited)",
					"@executable_path/Frameworks",
					"@loader_path/Frameworks",
				);
				PRODUCT_BUNDLE_IDENTIFIER = harshil.demoUITests;
				PRODUCT_NAME = "$(TARGET_NAME)";
				SWIFT_VERSION = 5.0;
				TARGETED_DEVICE_FAMILY = "1,2";
				TEST_TARGET_NAME = demo;
			};
			name = Debug;
		};
		410D31A229DB16AA001632CD /* Release */ = {
			isa = XCBuildConfiguration;
			buildSettings = {
				ALWAYS_EMBED_SWIFT_STANDARD_LIBRARIES = YES;
				CODE_SIGN_STYLE = Automatic;
				INFOPLIST_FILE = demoUITests/Info.plist;
				LD_RUNPATH_SEARCH_PATHS = (
					"$(inherited)",
					"@executable_path/Frameworks",
					"@loader_path/Frameworks",
				);
				PRODUCT_BUNDLE_IDENTIFIER = harshil.demoUITests;
				PRODUCT_NAME = "$(TARGET_NAME)";
				SWIFT_VERSION = 5.0;
				TARGETED_DEVICE_FAMILY = "1,2";
				TEST_TARGET_NAME = demo;
			};
			name = Release;
		};
/* End XCBuildConfiguration section */

/* Begin XCConfigurationList section */
		410D316B29DB1670001632CD /* Build configuration list for PBXProject "demo" */ = {
			isa = XCConfigurationList;
			buildConfigurations = (
				410D319829DB16AA001632CD /* Debug */,
				410D319929DB16AA001632CD /* Release */,
			);
			defaultConfigurationIsVisible = 0;
			defaultConfigurationName = Release;
		};
		410D319A29DB16AA001632CD /* Build configuration list for PBXNativeTarget "demo" */ = {
			isa = XCConfigurationList;
			buildConfigurations = (
				410D319B29DB16AA001632CD /* Debug */,
				410D319C29DB16AA001632CD /* Release */,
			);
			defaultConfigurationIsVisible = 0;
			defaultConfigurationName = Release;
		};
		410D319D29DB16AA001632CD /* Build configuration list for PBXNativeTarget "demoTests" */ = {
			isa = XCConfigurationList;
			buildConfigurations = (
				410D319E29DB16AA001632CD /* Debug */,
				410D319F29DB16AA001632CD /* Release */,
			);
			defaultConfigurationIsVisible = 0;
			defaultConfigurationName = Release;
		};
		410D31A029DB16AA001632CD /* Build configuration list for PBXNativeTarget "demoUITests" */ = {
			isa = XCConfigurationList;
			buildConfigurations = (
				410D31A129DB16AA001632CD /* Debug */,
				410D31A229DB16AA001632CD /* Release */,
			);
			defaultConfigurationIsVisible = 0;
			defaultConfigurationName = Release;
		};
/* End XCConfigurationList section */
	};
	rootObject = 410D316829DB1670001632CD /* Project object */;
}
